
Microsoft Visual Studio Solution File, Format Version 12.00
# Visual Studio Version 17
VisualStudioVersion = 17.2.32630.192
MinimumVisualStudioVersion = 10.0.40219.1
Project("{9A19103F-16F7-4668-BE54-9A1E7A4F7556}") = "Controlling", "Controlling\Controlling.csproj", "{93FA4747-9EDA-4E77-B668-9DB0683E2BA4}"
EndProject
Project("{FAE04EC0-301F-11D3-BF4B-00C04F79EFBC}") = "Controlling.Tests", "Controlling.Tests\Controlling.Tests.csproj", "{CCF8658F-A430-4B41-9349-C564F80A214B}"
EndProject
Global
	GlobalSection(SolutionConfigurationPlatforms) = preSolution
		Debug|Any CPU = Debug|Any CPU
		Release|Any CPU = Release|Any CPU
	EndGlobalSection
	GlobalSection(ProjectConfigurationPlatforms) = postSolution
		{93FA4747-9EDA-4E77-B668-9DB0683E2BA4}.Debug|Any CPU.ActiveCfg = Debug|Any CPU
		{93FA4747-9EDA-4E77-B668-9DB0683E2BA4}.Debug|Any CPU.Build.0 = Debug|Any CPU
		{93FA4747-9EDA-4E77-B668-9DB0683E2BA4}.Release|Any CPU.ActiveCfg = Release|Any CPU
		{93FA4747-9EDA-4E77-B668-9DB0683E2BA4}.Release|Any CPU.Build.0 = Release|Any CPU
		{CCF8658F-A430-4B41-9349-C564F80A214B}.Debug|Any CPU.ActiveCfg = Debug|Any CPU
		{CCF8658F-A430-4B41-9349-C564F80A214B}.Debug|Any CPU.Build.0 = Debug|Any CPU
		{CCF8658F-A430-4B41-9349-C564F80A214B}.Release|Any CPU.ActiveCfg = Release|Any CPU
		{CCF8658F-A430-4B41-9349-C564F80A214B}.Release|Any CPU.Build.0 = Release|Any CPU
	EndGlobalSection
	GlobalSection(SolutionProperties) = preSolution
		HideSolutionNode = FALSE
	EndGlobalSection
	GlobalSection(ExtensibilityGlobals) = postSolution
		SolutionGuid = {6237B9FB-93BA-40D0-A0B8-C623C48BCCEC}
	EndGlobalSection
EndGlobal
